
Microsoft Visual Studio Solution File, Format Version 12.00
# Visual Studio Version 17
VisualStudioVersion = 17.0.32002.185
MinimumVisualStudioVersion = 10.0.40219.1
Project("{2150E333-8FDC-42A3-9474-1A3956D46DE8}") = "Libraries", "Libraries", "{E4ACA93B-D3DE-4557-B069-F1DB42925A4B}"
EndProject
Project("{2150E333-8FDC-42A3-9474-1A3956D46DE8}") = "Presentation", "Presentation", "{B09156FB-8291-46A2-AF37-67CE97CFB5A6}"
EndProject
Project("{2150E333-8FDC-42A3-9474-1A3956D46DE8}") = "Plugins", "Plugins", "{7881B112-7843-4542-B1F7-F99553FB9BB7}"
EndProject
Project("{9A19103F-16F7-4668-BE54-9A1E7A4F7556}") = "Nop.Web", "Presentation\Nop.Web\Nop.Web.csproj", "{4F1F649C-1020-45BE-A487-F416D9297FF3}"
EndProject
Project("{9A19103F-16F7-4668-BE54-9A1E7A4F7556}") = "Nop.Core", "Libraries\Nop.Core\Nop.Core.csproj", "{6BDA8332-939F-45B7-A25E-7A797260AE59}"
EndProject
Project("{9A19103F-16F7-4668-BE54-9A1E7A4F7556}") = "Nop.Data", "Libraries\Nop.Data\Nop.Data.csproj", "{CCD7F2C9-6A2C-4CF0-8E89-076B8FC0F144}"
EndProject
Project("{9A19103F-16F7-4668-BE54-9A1E7A4F7556}") = "Nop.Services", "Libraries\Nop.Services\Nop.Services.csproj", "{210541AD-F659-47DA-8763-16F36C5CD2F4}"
EndProject
Project("{9A19103F-16F7-4668-BE54-9A1E7A4F7556}") = "Nop.Plugin.Payments.Manual", "Plugins\Nop.Plugin.Payments.Manual\Nop.Plugin.Payments.Manual.csproj", "{9A7B9344-6AD0-4828-876D-0BF14C177148}"
EndProject
Project("{9A19103F-16F7-4668-BE54-9A1E7A4F7556}") = "Nop.Web.Framework", "Presentation\Nop.Web.Framework\Nop.Web.Framework.csproj", "{75FD4163-333C-4DD5-854D-2EF294E45D94}"
EndProject
Project("{9A19103F-16F7-4668-BE54-9A1E7A4F7556}") = "Nop.Plugin.Widgets.GoogleAnalytics", "Plugins\Nop.Plugin.Widgets.GoogleAnalytics\Nop.Plugin.Widgets.GoogleAnalytics.csproj", "{C2B83AF5-80F6-4B8C-8628-FA7DE10C3BB5}"
EndProject
Project("{9A19103F-16F7-4668-BE54-9A1E7A4F7556}") = "Nop.Plugin.Widgets.NivoSlider", "Plugins\Nop.Plugin.Widgets.NivoSlider\Nop.Plugin.Widgets.NivoSlider.csproj", "{9978B382-0BCD-4621-B6B5-52E0E3B5F464}"
EndProject
Project("{9A19103F-16F7-4668-BE54-9A1E7A4F7556}") = "Nop.Plugin.Pickup.PickupInStore", "Plugins\Nop.Plugin.Pickup.PickupInStore\Nop.Plugin.Pickup.PickupInStore.csproj", "{06C88D0B-A276-4D3D-8BE5-7C58BF3072E3}"
EndProject
Project("{9A19103F-16F7-4668-BE54-9A1E7A4F7556}") = "Nop.Plugin.Shipping.FixedByWeightByTotal", "Plugins\Nop.Plugin.Shipping.FixedByWeightByTotal\Nop.Plugin.Shipping.FixedByWeightByTotal.csproj", "{560768D4-7E1D-4431-99F0-CC14C255E167}"
EndProject
Project("{9A19103F-16F7-4668-BE54-9A1E7A4F7556}") = "Nop.Plugin.Tax.FixedOrByCountryStateZip", "Plugins\Nop.Plugin.Tax.FixedOrByCountryStateZip\Nop.Plugin.Tax.FixedOrByCountryStateZip.csproj", "{493761CB-5190-4283-8C6C-A8CEB5450CAB}"
EndProject
Project("{9A19103F-16F7-4668-BE54-9A1E7A4F7556}") = "Nop.Plugin.DiscountRules.CustomerRoles", "Plugins\Nop.Plugin.DiscountRules.CustomerRoles\Nop.Plugin.DiscountRules.CustomerRoles.csproj", "{4C0C889A-A3B2-43FA-824A-F529402C1BBF}"
EndProject
Project("{2150E333-8FDC-42A3-9474-1A3956D46DE8}") = "Tests", "Tests", "{E8FC6874-E230-468A-9685-4747354B92FF}"
EndProject
Project("{9A19103F-16F7-4668-BE54-9A1E7A4F7556}") = "Nop.Tests", "Tests\Nop.Tests\Nop.Tests.csproj", "{FD31C133-B4DE-4BB2-B327-1D0E2F2C95D4}"
EndProject
Project("{9344BDBB-3E7F-41FC-A0DD-8665D75EE146}") = "Nop.Plugin.Shipping.UPS", "Plugins\Nop.Plugin.Shipping.UPS\Nop.Plugin.Shipping.UPS.csproj", "{A9364682-CCC2-429C-B838-9ED54BA0676A}"
EndProject
Project("{9344BDBB-3E7F-41FC-A0DD-8665D75EE146}") = "Nop.Plugin.Payments.CheckMoneyOrder", "Plugins\Nop.Plugin.Payments.CheckMoneyOrder\Nop.Plugin.Payments.CheckMoneyOrder.csproj", "{0837A111-0B38-44E2-88CD-CFA0FD765EC9}"
EndProject
Project("{9344BDBB-3E7F-41FC-A0DD-8665D75EE146}") = "Nop.Plugin.Payments.PayPalStandard", "Plugins\Nop.Plugin.Payments.PayPalStandard\Nop.Plugin.Payments.PayPalStandard.csproj", "{1A917A16-6F9E-4CA3-91F2-217486677612}"
EndProject
Project("{9344BDBB-3E7F-41FC-A0DD-8665D75EE146}") = "Nop.Plugin.ExternalAuth.Facebook", "Plugins\Nop.Plugin.ExternalAuth.Facebook\Nop.Plugin.ExternalAuth.Facebook.csproj", "{ABAD6D42-A34F-4CF1-9E9C-A0536680D2C8}"
EndProject
Project("{9344BDBB-3E7F-41FC-A0DD-8665D75EE146}") = "Nop.Plugin.ExchangeRate.EcbExchange", "Plugins\Nop.Plugin.ExchangeRate.EcbExchange\Nop.Plugin.ExchangeRate.EcbExchange.csproj", "{8D1D1534-0F03-4309-8EF3-EE6A42AA0185}"
EndProject
Project("{9344BDBB-3E7F-41FC-A0DD-8665D75EE146}") = "Nop.Plugin.Misc.Sendinblue", "Plugins\Nop.Plugin.Misc.Sendinblue\Nop.Plugin.Misc.Sendinblue.csproj", "{F3A4E88D-3DB3-42C4-9250-B749A5B49849}"
EndProject
Project("{9344BDBB-3E7F-41FC-A0DD-8665D75EE146}") = "Nop.Plugin.Tax.Avalara", "Plugins\Nop.Plugin.Tax.Avalara\Nop.Plugin.Tax.Avalara.csproj", "{6C972663-44D5-4D49-B9EA-64E9610BE8C6}"
EndProject
Project("{9344BDBB-3E7F-41FC-A0DD-8665D75EE146}") = "Nop.Plugin.Widgets.FacebookPixel", "Plugins\Nop.Plugin.Widgets.FacebookPixel\Nop.Plugin.Widgets.FacebookPixel.csproj", "{9E891E5B-5528-4D83-B14E-420C109DEB4B}"
EndProject
Project("{9344BDBB-3E7F-41FC-A0DD-8665D75EE146}") = "Nop.Plugin.MultiFactorAuth.GoogleAuthenticator", "Plugins\Nop.Plugin.MultiFactorAuth.GoogleAuthenticator\Nop.Plugin.MultiFactorAuth.GoogleAuthenticator.csproj", "{70C29CBD-8622-47AD-B82D-03F64112D2CE}"
EndProject
Project("{9344BDBB-3E7F-41FC-A0DD-8665D75EE146}") = "Nop.Plugin.Widgets.AccessiBe", "Plugins\Nop.Plugin.Widgets.AccessiBe\Nop.Plugin.Widgets.AccessiBe.csproj", "{3750816C-B20E-4EC0-8F7A-2E93D0377F37}"
EndProject
Project("{9344BDBB-3E7F-41FC-A0DD-8665D75EE146}") = "Nop.Plugin.Payments.PayPalCommerce", "Plugins\Nop.Plugin.Payments.PayPalCommerce\Nop.Plugin.Payments.PayPalCommerce.csproj", "{67831934-6250-44CB-B403-E349E3072C65}"
EndProject
Project("{9344BDBB-3E7F-41FC-A0DD-8665D75EE146}") = "Nop.Plugin.Misc.WebApi.Frontend", "Plugins\Nop.Plugin.Misc.WebApi.Frontend\Nop.Plugin.Misc.WebApi.Frontend.csproj", "{5828750B-6709-4E9F-ACA9-064979A52DE2}"
EndProject
Project("{9344BDBB-3E7F-41FC-A0DD-8665D75EE146}") = "Nop.Plugin.Shipping.EasyPost", "Plugins\Nop.Plugin.Shipping.EasyPost\Nop.Plugin.Shipping.EasyPost.csproj", "{1E6AFECF-5628-441E-B99E-521D8ABFC559}"
EndProject
Project("{FAE04EC0-301F-11D3-BF4B-00C04F79EFBC}") = "Nop.Plugin.Payments.CashOnDelivery", "Plugins\Nop.Plugin.Payments.CashOnDelivery\Nop.Plugin.Payments.CashOnDelivery.csproj", "{2066179F-2273-468E-BA2B-E18668526475}"
EndProject
Global
	GlobalSection(SolutionConfigurationPlatforms) = preSolution
		Debug|Any CPU = Debug|Any CPU
		Debug|Mixed Platforms = Debug|Mixed Platforms
		Debug|x86 = Debug|x86
		Release|Any CPU = Release|Any CPU
		Release|Mixed Platforms = Release|Mixed Platforms
		Release|x86 = Release|x86
	EndGlobalSection
	GlobalSection(ProjectConfigurationPlatforms) = postSolution
		{4F1F649C-1020-45BE-A487-F416D9297FF3}.Debug|Any CPU.ActiveCfg = Debug|Any CPU
		{4F1F649C-1020-45BE-A487-F416D9297FF3}.Debug|Any CPU.Build.0 = Debug|Any CPU
		{4F1F649C-1020-45BE-A487-F416D9297FF3}.Debug|Mixed Platforms.ActiveCfg = Debug|Any CPU
		{4F1F649C-1020-45BE-A487-F416D9297FF3}.Debug|Mixed Platforms.Build.0 = Debug|Any CPU
		{4F1F649C-1020-45BE-A487-F416D9297FF3}.Debug|x86.ActiveCfg = Debug|Any CPU
		{4F1F649C-1020-45BE-A487-F416D9297FF3}.Release|Any CPU.ActiveCfg = Release|Any CPU
		{4F1F649C-1020-45BE-A487-F416D9297FF3}.Release|Any CPU.Build.0 = Release|Any CPU
		{4F1F649C-1020-45BE-A487-F416D9297FF3}.Release|Mixed Platforms.ActiveCfg = Release|Any CPU
		{4F1F649C-1020-45BE-A487-F416D9297FF3}.Release|Mixed Platforms.Build.0 = Release|Any CPU
		{4F1F649C-1020-45BE-A487-F416D9297FF3}.Release|x86.ActiveCfg = Release|Any CPU
		{6BDA8332-939F-45B7-A25E-7A797260AE59}.Debug|Any CPU.ActiveCfg = Debug|Any CPU
		{6BDA8332-939F-45B7-A25E-7A797260AE59}.Debug|Any CPU.Build.0 = Debug|Any CPU
		{6BDA8332-939F-45B7-A25E-7A797260AE59}.Debug|Mixed Platforms.ActiveCfg = Debug|Any CPU
		{6BDA8332-939F-45B7-A25E-7A797260AE59}.Debug|Mixed Platforms.Build.0 = Debug|Any CPU
		{6BDA8332-939F-45B7-A25E-7A797260AE59}.Debug|x86.ActiveCfg = Debug|Any CPU
		{6BDA8332-939F-45B7-A25E-7A797260AE59}.Release|Any CPU.ActiveCfg = Release|Any CPU
		{6BDA8332-939F-45B7-A25E-7A797260AE59}.Release|Any CPU.Build.0 = Release|Any CPU
		{6BDA8332-939F-45B7-A25E-7A797260AE59}.Release|Mixed Platforms.ActiveCfg = Release|Any CPU
		{6BDA8332-939F-45B7-A25E-7A797260AE59}.Release|Mixed Platforms.Build.0 = Release|Any CPU
		{6BDA8332-939F-45B7-A25E-7A797260AE59}.Release|x86.ActiveCfg = Release|Any CPU
		{CCD7F2C9-6A2C-4CF0-8E89-076B8FC0F144}.Debug|Any CPU.ActiveCfg = Debug|Any CPU
		{CCD7F2C9-6A2C-4CF0-8E89-076B8FC0F144}.Debug|Any CPU.Build.0 = Debug|Any CPU
		{CCD7F2C9-6A2C-4CF0-8E89-076B8FC0F144}.Debug|Mixed Platforms.ActiveCfg = Debug|Any CPU
		{CCD7F2C9-6A2C-4CF0-8E89-076B8FC0F144}.Debug|Mixed Platforms.Build.0 = Debug|Any CPU
		{CCD7F2C9-6A2C-4CF0-8E89-076B8FC0F144}.Debug|x86.ActiveCfg = Debug|Any CPU
		{CCD7F2C9-6A2C-4CF0-8E89-076B8FC0F144}.Release|Any CPU.ActiveCfg = Release|Any CPU
		{CCD7F2C9-6A2C-4CF0-8E89-076B8FC0F144}.Release|Any CPU.Build.0 = Release|Any CPU
		{CCD7F2C9-6A2C-4CF0-8E89-076B8FC0F144}.Release|Mixed Platforms.ActiveCfg = Release|Any CPU
		{CCD7F2C9-6A2C-4CF0-8E89-076B8FC0F144}.Release|Mixed Platforms.Build.0 = Release|Any CPU
		{CCD7F2C9-6A2C-4CF0-8E89-076B8FC0F144}.Release|x86.ActiveCfg = Release|Any CPU
		{210541AD-F659-47DA-8763-16F36C5CD2F4}.Debug|Any CPU.ActiveCfg = Debug|Any CPU
		{210541AD-F659-47DA-8763-16F36C5CD2F4}.Debug|Any CPU.Build.0 = Debug|Any CPU
		{210541AD-F659-47DA-8763-16F36C5CD2F4}.Debug|Mixed Platforms.ActiveCfg = Debug|Any CPU
		{210541AD-F659-47DA-8763-16F36C5CD2F4}.Debug|Mixed Platforms.Build.0 = Debug|Any CPU
		{210541AD-F659-47DA-8763-16F36C5CD2F4}.Debug|x86.ActiveCfg = Debug|Any CPU
		{210541AD-F659-47DA-8763-16F36C5CD2F4}.Release|Any CPU.ActiveCfg = Release|Any CPU
		{210541AD-F659-47DA-8763-16F36C5CD2F4}.Release|Any CPU.Build.0 = Release|Any CPU
		{210541AD-F659-47DA-8763-16F36C5CD2F4}.Release|Mixed Platforms.ActiveCfg = Release|Any CPU
		{210541AD-F659-47DA-8763-16F36C5CD2F4}.Release|Mixed Platforms.Build.0 = Release|Any CPU
		{210541AD-F659-47DA-8763-16F36C5CD2F4}.Release|x86.ActiveCfg = Release|Any CPU
		{9A7B9344-6AD0-4828-876D-0BF14C177148}.Debug|Any CPU.ActiveCfg = Debug|Any CPU
		{9A7B9344-6AD0-4828-876D-0BF14C177148}.Debug|Any CPU.Build.0 = Debug|Any CPU
		{9A7B9344-6AD0-4828-876D-0BF14C177148}.Debug|Mixed Platforms.ActiveCfg = Debug|Any CPU
		{9A7B9344-6AD0-4828-876D-0BF14C177148}.Debug|Mixed Platforms.Build.0 = Debug|Any CPU
		{9A7B9344-6AD0-4828-876D-0BF14C177148}.Debug|x86.ActiveCfg = Debug|Any CPU
		{9A7B9344-6AD0-4828-876D-0BF14C177148}.Release|Any CPU.ActiveCfg = Release|Any CPU
		{9A7B9344-6AD0-4828-876D-0BF14C177148}.Release|Any CPU.Build.0 = Release|Any CPU
		{9A7B9344-6AD0-4828-876D-0BF14C177148}.Release|Mixed Platforms.ActiveCfg = Release|Any CPU
		{9A7B9344-6AD0-4828-876D-0BF14C177148}.Release|Mixed Platforms.Build.0 = Release|Any CPU
		{9A7B9344-6AD0-4828-876D-0BF14C177148}.Release|x86.ActiveCfg = Release|Any CPU
		{75FD4163-333C-4DD5-854D-2EF294E45D94}.Debug|Any CPU.ActiveCfg = Debug|Any CPU
		{75FD4163-333C-4DD5-854D-2EF294E45D94}.Debug|Any CPU.Build.0 = Debug|Any CPU
		{75FD4163-333C-4DD5-854D-2EF294E45D94}.Debug|Mixed Platforms.ActiveCfg = Debug|Any CPU
		{75FD4163-333C-4DD5-854D-2EF294E45D94}.Debug|Mixed Platforms.Build.0 = Debug|Any CPU
		{75FD4163-333C-4DD5-854D-2EF294E45D94}.Debug|x86.ActiveCfg = Debug|Any CPU
		{75FD4163-333C-4DD5-854D-2EF294E45D94}.Release|Any CPU.ActiveCfg = Release|Any CPU
		{75FD4163-333C-4DD5-854D-2EF294E45D94}.Release|Any CPU.Build.0 = Release|Any CPU
		{75FD4163-333C-4DD5-854D-2EF294E45D94}.Release|Mixed Platforms.ActiveCfg = Release|Any CPU
		{75FD4163-333C-4DD5-854D-2EF294E45D94}.Release|Mixed Platforms.Build.0 = Release|Any CPU
		{75FD4163-333C-4DD5-854D-2EF294E45D94}.Release|x86.ActiveCfg = Release|Any CPU
		{C2B83AF5-80F6-4B8C-8628-FA7DE10C3BB5}.Debug|Any CPU.ActiveCfg = Debug|Any CPU
		{C2B83AF5-80F6-4B8C-8628-FA7DE10C3BB5}.Debug|Any CPU.Build.0 = Debug|Any CPU
		{C2B83AF5-80F6-4B8C-8628-FA7DE10C3BB5}.Debug|Mixed Platforms.ActiveCfg = Debug|Any CPU
		{C2B83AF5-80F6-4B8C-8628-FA7DE10C3BB5}.Debug|Mixed Platforms.Build.0 = Debug|Any CPU
		{C2B83AF5-80F6-4B8C-8628-FA7DE10C3BB5}.Debug|x86.ActiveCfg = Debug|Any CPU
		{C2B83AF5-80F6-4B8C-8628-FA7DE10C3BB5}.Release|Any CPU.ActiveCfg = Release|Any CPU
		{C2B83AF5-80F6-4B8C-8628-FA7DE10C3BB5}.Release|Any CPU.Build.0 = Release|Any CPU
		{C2B83AF5-80F6-4B8C-8628-FA7DE10C3BB5}.Release|Mixed Platforms.ActiveCfg = Release|Any CPU
		{C2B83AF5-80F6-4B8C-8628-FA7DE10C3BB5}.Release|Mixed Platforms.Build.0 = Release|Any CPU
		{C2B83AF5-80F6-4B8C-8628-FA7DE10C3BB5}.Release|x86.ActiveCfg = Release|Any CPU
		{9978B382-0BCD-4621-B6B5-52E0E3B5F464}.Debug|Any CPU.ActiveCfg = Debug|Any CPU
		{9978B382-0BCD-4621-B6B5-52E0E3B5F464}.Debug|Any CPU.Build.0 = Debug|Any CPU
		{9978B382-0BCD-4621-B6B5-52E0E3B5F464}.Debug|Mixed Platforms.ActiveCfg = Debug|Any CPU
		{9978B382-0BCD-4621-B6B5-52E0E3B5F464}.Debug|Mixed Platforms.Build.0 = Debug|Any CPU
		{9978B382-0BCD-4621-B6B5-52E0E3B5F464}.Debug|x86.ActiveCfg = Debug|Any CPU
		{9978B382-0BCD-4621-B6B5-52E0E3B5F464}.Release|Any CPU.ActiveCfg = Release|Any CPU
		{9978B382-0BCD-4621-B6B5-52E0E3B5F464}.Release|Any CPU.Build.0 = Release|Any CPU
		{9978B382-0BCD-4621-B6B5-52E0E3B5F464}.Release|Mixed Platforms.ActiveCfg = Release|Any CPU
		{9978B382-0BCD-4621-B6B5-52E0E3B5F464}.Release|Mixed Platforms.Build.0 = Release|Any CPU
		{9978B382-0BCD-4621-B6B5-52E0E3B5F464}.Release|x86.ActiveCfg = Release|Any CPU
		{06C88D0B-A276-4D3D-8BE5-7C58BF3072E3}.Debug|Any CPU.ActiveCfg = Debug|Any CPU
		{06C88D0B-A276-4D3D-8BE5-7C58BF3072E3}.Debug|Any CPU.Build.0 = Debug|Any CPU
		{06C88D0B-A276-4D3D-8BE5-7C58BF3072E3}.Debug|Mixed Platforms.ActiveCfg = Debug|Any CPU
		{06C88D0B-A276-4D3D-8BE5-7C58BF3072E3}.Debug|Mixed Platforms.Build.0 = Debug|Any CPU
		{06C88D0B-A276-4D3D-8BE5-7C58BF3072E3}.Debug|x86.ActiveCfg = Debug|Any CPU
		{06C88D0B-A276-4D3D-8BE5-7C58BF3072E3}.Debug|x86.Build.0 = Debug|Any CPU
		{06C88D0B-A276-4D3D-8BE5-7C58BF3072E3}.Release|Any CPU.ActiveCfg = Release|Any CPU
		{06C88D0B-A276-4D3D-8BE5-7C58BF3072E3}.Release|Any CPU.Build.0 = Release|Any CPU
		{06C88D0B-A276-4D3D-8BE5-7C58BF3072E3}.Release|Mixed Platforms.ActiveCfg = Release|Any CPU
		{06C88D0B-A276-4D3D-8BE5-7C58BF3072E3}.Release|Mixed Platforms.Build.0 = Release|Any CPU
		{06C88D0B-A276-4D3D-8BE5-7C58BF3072E3}.Release|x86.ActiveCfg = Release|Any CPU
		{06C88D0B-A276-4D3D-8BE5-7C58BF3072E3}.Release|x86.Build.0 = Release|Any CPU
		{560768D4-7E1D-4431-99F0-CC14C255E167}.Debug|Any CPU.ActiveCfg = Debug|Any CPU
		{560768D4-7E1D-4431-99F0-CC14C255E167}.Debug|Any CPU.Build.0 = Debug|Any CPU
		{560768D4-7E1D-4431-99F0-CC14C255E167}.Debug|Mixed Platforms.ActiveCfg = Debug|Any CPU
		{560768D4-7E1D-4431-99F0-CC14C255E167}.Debug|Mixed Platforms.Build.0 = Debug|Any CPU
		{560768D4-7E1D-4431-99F0-CC14C255E167}.Debug|x86.ActiveCfg = Debug|Any CPU
		{560768D4-7E1D-4431-99F0-CC14C255E167}.Debug|x86.Build.0 = Debug|Any CPU
		{560768D4-7E1D-4431-99F0-CC14C255E167}.Release|Any CPU.ActiveCfg = Release|Any CPU
		{560768D4-7E1D-4431-99F0-CC14C255E167}.Release|Any CPU.Build.0 = Release|Any CPU
		{560768D4-7E1D-4431-99F0-CC14C255E167}.Release|Mixed Platforms.ActiveCfg = Release|Any CPU
		{560768D4-7E1D-4431-99F0-CC14C255E167}.Release|Mixed Platforms.Build.0 = Release|Any CPU
		{560768D4-7E1D-4431-99F0-CC14C255E167}.Release|x86.ActiveCfg = Release|Any CPU
		{560768D4-7E1D-4431-99F0-CC14C255E167}.Release|x86.Build.0 = Release|Any CPU
		{493761CB-5190-4283-8C6C-A8CEB5450CAB}.Debug|Any CPU.ActiveCfg = Debug|Any CPU
		{493761CB-5190-4283-8C6C-A8CEB5450CAB}.Debug|Any CPU.Build.0 = Debug|Any CPU
		{493761CB-5190-4283-8C6C-A8CEB5450CAB}.Debug|Mixed Platforms.ActiveCfg = Debug|Any CPU
		{493761CB-5190-4283-8C6C-A8CEB5450CAB}.Debug|Mixed Platforms.Build.0 = Debug|Any CPU
		{493761CB-5190-4283-8C6C-A8CEB5450CAB}.Debug|x86.ActiveCfg = Debug|Any CPU
		{493761CB-5190-4283-8C6C-A8CEB5450CAB}.Debug|x86.Build.0 = Debug|Any CPU
		{493761CB-5190-4283-8C6C-A8CEB5450CAB}.Release|Any CPU.ActiveCfg = Release|Any CPU
		{493761CB-5190-4283-8C6C-A8CEB5450CAB}.Release|Any CPU.Build.0 = Release|Any CPU
		{493761CB-5190-4283-8C6C-A8CEB5450CAB}.Release|Mixed Platforms.ActiveCfg = Release|Any CPU
		{493761CB-5190-4283-8C6C-A8CEB5450CAB}.Release|Mixed Platforms.Build.0 = Release|Any CPU
		{493761CB-5190-4283-8C6C-A8CEB5450CAB}.Release|x86.ActiveCfg = Release|Any CPU
		{493761CB-5190-4283-8C6C-A8CEB5450CAB}.Release|x86.Build.0 = Release|Any CPU
		{4C0C889A-A3B2-43FA-824A-F529402C1BBF}.Debug|Any CPU.ActiveCfg = Debug|Any CPU
		{4C0C889A-A3B2-43FA-824A-F529402C1BBF}.Debug|Any CPU.Build.0 = Debug|Any CPU
		{4C0C889A-A3B2-43FA-824A-F529402C1BBF}.Debug|Mixed Platforms.ActiveCfg = Debug|Any CPU
		{4C0C889A-A3B2-43FA-824A-F529402C1BBF}.Debug|Mixed Platforms.Build.0 = Debug|Any CPU
		{4C0C889A-A3B2-43FA-824A-F529402C1BBF}.Debug|x86.ActiveCfg = Debug|Any CPU
		{4C0C889A-A3B2-43FA-824A-F529402C1BBF}.Debug|x86.Build.0 = Debug|Any CPU
		{4C0C889A-A3B2-43FA-824A-F529402C1BBF}.Release|Any CPU.ActiveCfg = Release|Any CPU
		{4C0C889A-A3B2-43FA-824A-F529402C1BBF}.Release|Any CPU.Build.0 = Release|Any CPU
		{4C0C889A-A3B2-43FA-824A-F529402C1BBF}.Release|Mixed Platforms.ActiveCfg = Release|Any CPU
		{4C0C889A-A3B2-43FA-824A-F529402C1BBF}.Release|Mixed Platforms.Build.0 = Release|Any CPU
		{4C0C889A-A3B2-43FA-824A-F529402C1BBF}.Release|x86.ActiveCfg = Release|Any CPU
		{4C0C889A-A3B2-43FA-824A-F529402C1BBF}.Release|x86.Build.0 = Release|Any CPU
		{FD31C133-B4DE-4BB2-B327-1D0E2F2C95D4}.Debug|Any CPU.ActiveCfg = Debug|Any CPU
		{FD31C133-B4DE-4BB2-B327-1D0E2F2C95D4}.Debug|Any CPU.Build.0 = Debug|Any CPU
		{FD31C133-B4DE-4BB2-B327-1D0E2F2C95D4}.Debug|Mixed Platforms.ActiveCfg = Debug|Any CPU
		{FD31C133-B4DE-4BB2-B327-1D0E2F2C95D4}.Debug|Mixed Platforms.Build.0 = Debug|Any CPU
		{FD31C133-B4DE-4BB2-B327-1D0E2F2C95D4}.Debug|x86.ActiveCfg = Debug|Any CPU
		{FD31C133-B4DE-4BB2-B327-1D0E2F2C95D4}.Debug|x86.Build.0 = Debug|Any CPU
		{FD31C133-B4DE-4BB2-B327-1D0E2F2C95D4}.Release|Any CPU.ActiveCfg = Release|Any CPU
		{FD31C133-B4DE-4BB2-B327-1D0E2F2C95D4}.Release|Any CPU.Build.0 = Release|Any CPU
		{FD31C133-B4DE-4BB2-B327-1D0E2F2C95D4}.Release|Mixed Platforms.ActiveCfg = Release|Any CPU
		{FD31C133-B4DE-4BB2-B327-1D0E2F2C95D4}.Release|Mixed Platforms.Build.0 = Release|Any CPU
		{FD31C133-B4DE-4BB2-B327-1D0E2F2C95D4}.Release|x86.ActiveCfg = Release|Any CPU
		{FD31C133-B4DE-4BB2-B327-1D0E2F2C95D4}.Release|x86.Build.0 = Release|Any CPU
		{A9364682-CCC2-429C-B838-9ED54BA0676A}.Debug|Any CPU.ActiveCfg = Debug|Any CPU
		{A9364682-CCC2-429C-B838-9ED54BA0676A}.Debug|Any CPU.Build.0 = Debug|Any CPU
		{A9364682-CCC2-429C-B838-9ED54BA0676A}.Debug|Mixed Platforms.ActiveCfg = Debug|Any CPU
		{A9364682-CCC2-429C-B838-9ED54BA0676A}.Debug|Mixed Platforms.Build.0 = Debug|Any CPU
		{A9364682-CCC2-429C-B838-9ED54BA0676A}.Debug|x86.ActiveCfg = Debug|Any CPU
		{A9364682-CCC2-429C-B838-9ED54BA0676A}.Release|Any CPU.ActiveCfg = Release|Any CPU
		{A9364682-CCC2-429C-B838-9ED54BA0676A}.Release|Any CPU.Build.0 = Release|Any CPU
		{A9364682-CCC2-429C-B838-9ED54BA0676A}.Release|Mixed Platforms.ActiveCfg = Release|Any CPU
		{A9364682-CCC2-429C-B838-9ED54BA0676A}.Release|Mixed Platforms.Build.0 = Release|Any CPU
		{A9364682-CCC2-429C-B838-9ED54BA0676A}.Release|x86.ActiveCfg = Release|Any CPU
		{0837A111-0B38-44E2-88CD-CFA0FD765EC9}.Debug|Any CPU.ActiveCfg = Debug|Any CPU
		{0837A111-0B38-44E2-88CD-CFA0FD765EC9}.Debug|Any CPU.Build.0 = Debug|Any CPU
		{0837A111-0B38-44E2-88CD-CFA0FD765EC9}.Debug|Mixed Platforms.ActiveCfg = Debug|Any CPU
		{0837A111-0B38-44E2-88CD-CFA0FD765EC9}.Debug|Mixed Platforms.Build.0 = Debug|Any CPU
		{0837A111-0B38-44E2-88CD-CFA0FD765EC9}.Debug|x86.ActiveCfg = Debug|Any CPU
		{0837A111-0B38-44E2-88CD-CFA0FD765EC9}.Release|Any CPU.ActiveCfg = Release|Any CPU
		{0837A111-0B38-44E2-88CD-CFA0FD765EC9}.Release|Any CPU.Build.0 = Release|Any CPU
		{0837A111-0B38-44E2-88CD-CFA0FD765EC9}.Release|Mixed Platforms.ActiveCfg = Release|Any CPU
		{0837A111-0B38-44E2-88CD-CFA0FD765EC9}.Release|Mixed Platforms.Build.0 = Release|Any CPU
		{0837A111-0B38-44E2-88CD-CFA0FD765EC9}.Release|x86.ActiveCfg = Release|Any CPU
		{1A917A16-6F9E-4CA3-91F2-217486677612}.Debug|Any CPU.ActiveCfg = Debug|Any CPU
		{1A917A16-6F9E-4CA3-91F2-217486677612}.Debug|Any CPU.Build.0 = Debug|Any CPU
		{1A917A16-6F9E-4CA3-91F2-217486677612}.Debug|Mixed Platforms.ActiveCfg = Debug|Any CPU
		{1A917A16-6F9E-4CA3-91F2-217486677612}.Debug|Mixed Platforms.Build.0 = Debug|Any CPU
		{1A917A16-6F9E-4CA3-91F2-217486677612}.Debug|x86.ActiveCfg = Debug|Any CPU
		{1A917A16-6F9E-4CA3-91F2-217486677612}.Release|Any CPU.ActiveCfg = Release|Any CPU
		{1A917A16-6F9E-4CA3-91F2-217486677612}.Release|Any CPU.Build.0 = Release|Any CPU
		{1A917A16-6F9E-4CA3-91F2-217486677612}.Release|Mixed Platforms.ActiveCfg = Release|Any CPU
		{1A917A16-6F9E-4CA3-91F2-217486677612}.Release|Mixed Platforms.Build.0 = Release|Any CPU
		{1A917A16-6F9E-4CA3-91F2-217486677612}.Release|x86.ActiveCfg = Release|Any CPU
		{ABAD6D42-A34F-4CF1-9E9C-A0536680D2C8}.Debug|Any CPU.ActiveCfg = Debug|Any CPU
		{ABAD6D42-A34F-4CF1-9E9C-A0536680D2C8}.Debug|Any CPU.Build.0 = Debug|Any CPU
		{ABAD6D42-A34F-4CF1-9E9C-A0536680D2C8}.Debug|Mixed Platforms.ActiveCfg = Debug|Any CPU
		{ABAD6D42-A34F-4CF1-9E9C-A0536680D2C8}.Debug|Mixed Platforms.Build.0 = Debug|Any CPU
		{ABAD6D42-A34F-4CF1-9E9C-A0536680D2C8}.Debug|x86.ActiveCfg = Debug|Any CPU
		{ABAD6D42-A34F-4CF1-9E9C-A0536680D2C8}.Release|Any CPU.ActiveCfg = Release|Any CPU
		{ABAD6D42-A34F-4CF1-9E9C-A0536680D2C8}.Release|Any CPU.Build.0 = Release|Any CPU
		{ABAD6D42-A34F-4CF1-9E9C-A0536680D2C8}.Release|Mixed Platforms.ActiveCfg = Release|Any CPU
		{ABAD6D42-A34F-4CF1-9E9C-A0536680D2C8}.Release|Mixed Platforms.Build.0 = Release|Any CPU
		{ABAD6D42-A34F-4CF1-9E9C-A0536680D2C8}.Release|x86.ActiveCfg = Release|Any CPU
		{8D1D1534-0F03-4309-8EF3-EE6A42AA0185}.Debug|Any CPU.ActiveCfg = Debug|Any CPU
		{8D1D1534-0F03-4309-8EF3-EE6A42AA0185}.Debug|Any CPU.Build.0 = Debug|Any CPU
		{8D1D1534-0F03-4309-8EF3-EE6A42AA0185}.Debug|Mixed Platforms.ActiveCfg = Debug|Any CPU
		{8D1D1534-0F03-4309-8EF3-EE6A42AA0185}.Debug|Mixed Platforms.Build.0 = Debug|Any CPU
		{8D1D1534-0F03-4309-8EF3-EE6A42AA0185}.Debug|x86.ActiveCfg = Debug|Any CPU
		{8D1D1534-0F03-4309-8EF3-EE6A42AA0185}.Debug|x86.Build.0 = Debug|Any CPU
		{8D1D1534-0F03-4309-8EF3-EE6A42AA0185}.Release|Any CPU.ActiveCfg = Release|Any CPU
		{8D1D1534-0F03-4309-8EF3-EE6A42AA0185}.Release|Any CPU.Build.0 = Release|Any CPU
		{8D1D1534-0F03-4309-8EF3-EE6A42AA0185}.Release|Mixed Platforms.ActiveCfg = Release|Any CPU
		{8D1D1534-0F03-4309-8EF3-EE6A42AA0185}.Release|Mixed Platforms.Build.0 = Release|Any CPU
		{8D1D1534-0F03-4309-8EF3-EE6A42AA0185}.Release|x86.ActiveCfg = Release|Any CPU
		{8D1D1534-0F03-4309-8EF3-EE6A42AA0185}.Release|x86.Build.0 = Release|Any CPU
		{F3A4E88D-3DB3-42C4-9250-B749A5B49849}.Debug|Any CPU.ActiveCfg = Debug|Any CPU
		{F3A4E88D-3DB3-42C4-9250-B749A5B49849}.Debug|Any CPU.Build.0 = Debug|Any CPU
		{F3A4E88D-3DB3-42C4-9250-B749A5B49849}.Debug|Mixed Platforms.ActiveCfg = Debug|Any CPU
		{F3A4E88D-3DB3-42C4-9250-B749A5B49849}.Debug|Mixed Platforms.Build.0 = Debug|Any CPU
		{F3A4E88D-3DB3-42C4-9250-B749A5B49849}.Debug|x86.ActiveCfg = Debug|Any CPU
		{F3A4E88D-3DB3-42C4-9250-B749A5B49849}.Debug|x86.Build.0 = Debug|Any CPU
		{F3A4E88D-3DB3-42C4-9250-B749A5B49849}.Release|Any CPU.ActiveCfg = Release|Any CPU
		{F3A4E88D-3DB3-42C4-9250-B749A5B49849}.Release|Any CPU.Build.0 = Release|Any CPU
		{F3A4E88D-3DB3-42C4-9250-B749A5B49849}.Release|Mixed Platforms.ActiveCfg = Release|Any CPU
		{F3A4E88D-3DB3-42C4-9250-B749A5B49849}.Release|Mixed Platforms.Build.0 = Release|Any CPU
		{F3A4E88D-3DB3-42C4-9250-B749A5B49849}.Release|x86.ActiveCfg = Release|Any CPU
		{F3A4E88D-3DB3-42C4-9250-B749A5B49849}.Release|x86.Build.0 = Release|Any CPU
		{6C972663-44D5-4D49-B9EA-64E9610BE8C6}.Debug|Any CPU.ActiveCfg = Debug|Any CPU
		{6C972663-44D5-4D49-B9EA-64E9610BE8C6}.Debug|Any CPU.Build.0 = Debug|Any CPU
		{6C972663-44D5-4D49-B9EA-64E9610BE8C6}.Debug|Mixed Platforms.ActiveCfg = Debug|Any CPU
		{6C972663-44D5-4D49-B9EA-64E9610BE8C6}.Debug|Mixed Platforms.Build.0 = Debug|Any CPU
		{6C972663-44D5-4D49-B9EA-64E9610BE8C6}.Debug|x86.ActiveCfg = Debug|Any CPU
		{6C972663-44D5-4D49-B9EA-64E9610BE8C6}.Debug|x86.Build.0 = Debug|Any CPU
		{6C972663-44D5-4D49-B9EA-64E9610BE8C6}.Release|Any CPU.ActiveCfg = Release|Any CPU
		{6C972663-44D5-4D49-B9EA-64E9610BE8C6}.Release|Any CPU.Build.0 = Release|Any CPU
		{6C972663-44D5-4D49-B9EA-64E9610BE8C6}.Release|Mixed Platforms.ActiveCfg = Release|Any CPU
		{6C972663-44D5-4D49-B9EA-64E9610BE8C6}.Release|Mixed Platforms.Build.0 = Release|Any CPU
		{6C972663-44D5-4D49-B9EA-64E9610BE8C6}.Release|x86.ActiveCfg = Release|Any CPU
		{6C972663-44D5-4D49-B9EA-64E9610BE8C6}.Release|x86.Build.0 = Release|Any CPU
		{9E891E5B-5528-4D83-B14E-420C109DEB4B}.Debug|Any CPU.ActiveCfg = Debug|Any CPU
		{9E891E5B-5528-4D83-B14E-420C109DEB4B}.Debug|Any CPU.Build.0 = Debug|Any CPU
		{9E891E5B-5528-4D83-B14E-420C109DEB4B}.Debug|Mixed Platforms.ActiveCfg = Debug|Any CPU
		{9E891E5B-5528-4D83-B14E-420C109DEB4B}.Debug|Mixed Platforms.Build.0 = Debug|Any CPU
		{9E891E5B-5528-4D83-B14E-420C109DEB4B}.Debug|x86.ActiveCfg = Debug|Any CPU
		{9E891E5B-5528-4D83-B14E-420C109DEB4B}.Debug|x86.Build.0 = Debug|Any CPU
		{9E891E5B-5528-4D83-B14E-420C109DEB4B}.Release|Any CPU.ActiveCfg = Release|Any CPU
		{9E891E5B-5528-4D83-B14E-420C109DEB4B}.Release|Any CPU.Build.0 = Release|Any CPU
		{9E891E5B-5528-4D83-B14E-420C109DEB4B}.Release|Mixed Platforms.ActiveCfg = Release|Any CPU
		{9E891E5B-5528-4D83-B14E-420C109DEB4B}.Release|Mixed Platforms.Build.0 = Release|Any CPU
		{9E891E5B-5528-4D83-B14E-420C109DEB4B}.Release|x86.ActiveCfg = Release|Any CPU
		{9E891E5B-5528-4D83-B14E-420C109DEB4B}.Release|x86.Build.0 = Release|Any CPU
		{70C29CBD-8622-47AD-B82D-03F64112D2CE}.Debug|Any CPU.ActiveCfg = Debug|Any CPU
		{70C29CBD-8622-47AD-B82D-03F64112D2CE}.Debug|Any CPU.Build.0 = Debug|Any CPU
		{70C29CBD-8622-47AD-B82D-03F64112D2CE}.Debug|Mixed Platforms.ActiveCfg = Debug|Any CPU
		{70C29CBD-8622-47AD-B82D-03F64112D2CE}.Debug|Mixed Platforms.Build.0 = Debug|Any CPU
		{70C29CBD-8622-47AD-B82D-03F64112D2CE}.Debug|x86.ActiveCfg = Debug|Any CPU
		{70C29CBD-8622-47AD-B82D-03F64112D2CE}.Debug|x86.Build.0 = Debug|Any CPU
		{70C29CBD-8622-47AD-B82D-03F64112D2CE}.Release|Any CPU.ActiveCfg = Release|Any CPU
		{70C29CBD-8622-47AD-B82D-03F64112D2CE}.Release|Any CPU.Build.0 = Release|Any CPU
		{70C29CBD-8622-47AD-B82D-03F64112D2CE}.Release|Mixed Platforms.ActiveCfg = Release|Any CPU
		{70C29CBD-8622-47AD-B82D-03F64112D2CE}.Release|Mixed Platforms.Build.0 = Release|Any CPU
		{70C29CBD-8622-47AD-B82D-03F64112D2CE}.Release|x86.ActiveCfg = Release|Any CPU
		{70C29CBD-8622-47AD-B82D-03F64112D2CE}.Release|x86.Build.0 = Release|Any CPU
		{3750816C-B20E-4EC0-8F7A-2E93D0377F37}.Debug|Any CPU.ActiveCfg = Debug|Any CPU
		{3750816C-B20E-4EC0-8F7A-2E93D0377F37}.Debug|Any CPU.Build.0 = Debug|Any CPU
		{3750816C-B20E-4EC0-8F7A-2E93D0377F37}.Debug|Mixed Platforms.ActiveCfg = Debug|Any CPU
		{3750816C-B20E-4EC0-8F7A-2E93D0377F37}.Debug|Mixed Platforms.Build.0 = Debug|Any CPU
		{3750816C-B20E-4EC0-8F7A-2E93D0377F37}.Debug|x86.ActiveCfg = Debug|Any CPU
		{3750816C-B20E-4EC0-8F7A-2E93D0377F37}.Debug|x86.Build.0 = Debug|Any CPU
		{3750816C-B20E-4EC0-8F7A-2E93D0377F37}.Release|Any CPU.ActiveCfg = Release|Any CPU
		{3750816C-B20E-4EC0-8F7A-2E93D0377F37}.Release|Any CPU.Build.0 = Release|Any CPU
		{3750816C-B20E-4EC0-8F7A-2E93D0377F37}.Release|Mixed Platforms.ActiveCfg = Release|Any CPU
		{3750816C-B20E-4EC0-8F7A-2E93D0377F37}.Release|Mixed Platforms.Build.0 = Release|Any CPU
		{3750816C-B20E-4EC0-8F7A-2E93D0377F37}.Release|x86.ActiveCfg = Release|Any CPU
		{3750816C-B20E-4EC0-8F7A-2E93D0377F37}.Release|x86.Build.0 = Release|Any CPU
		{67831934-6250-44CB-B403-E349E3072C65}.Debug|Any CPU.ActiveCfg = Debug|Any CPU
		{67831934-6250-44CB-B403-E349E3072C65}.Debug|Any CPU.Build.0 = Debug|Any CPU
		{67831934-6250-44CB-B403-E349E3072C65}.Debug|Mixed Platforms.ActiveCfg = Debug|Any CPU
		{67831934-6250-44CB-B403-E349E3072C65}.Debug|Mixed Platforms.Build.0 = Debug|Any CPU
		{67831934-6250-44CB-B403-E349E3072C65}.Debug|x86.ActiveCfg = Debug|Any CPU
		{67831934-6250-44CB-B403-E349E3072C65}.Debug|x86.Build.0 = Debug|Any CPU
		{67831934-6250-44CB-B403-E349E3072C65}.Release|Any CPU.ActiveCfg = Release|Any CPU
		{67831934-6250-44CB-B403-E349E3072C65}.Release|Any CPU.Build.0 = Release|Any CPU
		{67831934-6250-44CB-B403-E349E3072C65}.Release|Mixed Platforms.ActiveCfg = Release|Any CPU
		{67831934-6250-44CB-B403-E349E3072C65}.Release|Mixed Platforms.Build.0 = Release|Any CPU
		{67831934-6250-44CB-B403-E349E3072C65}.Release|x86.ActiveCfg = Release|Any CPU
		{67831934-6250-44CB-B403-E349E3072C65}.Release|x86.Build.0 = Release|Any CPU
		{5828750B-6709-4E9F-ACA9-064979A52DE2}.Debug|Any CPU.ActiveCfg = Debug|Any CPU
		{5828750B-6709-4E9F-ACA9-064979A52DE2}.Debug|Any CPU.Build.0 = Debug|Any CPU
		{5828750B-6709-4E9F-ACA9-064979A52DE2}.Debug|Mixed Platforms.ActiveCfg = Debug|Any CPU
		{5828750B-6709-4E9F-ACA9-064979A52DE2}.Debug|Mixed Platforms.Build.0 = Debug|Any CPU
		{5828750B-6709-4E9F-ACA9-064979A52DE2}.Debug|x86.ActiveCfg = Debug|Any CPU
		{5828750B-6709-4E9F-ACA9-064979A52DE2}.Debug|x86.Build.0 = Debug|Any CPU
		{5828750B-6709-4E9F-ACA9-064979A52DE2}.Release|Any CPU.ActiveCfg = Release|Any CPU
		{5828750B-6709-4E9F-ACA9-064979A52DE2}.Release|Any CPU.Build.0 = Release|Any CPU
		{5828750B-6709-4E9F-ACA9-064979A52DE2}.Release|Mixed Platforms.ActiveCfg = Release|Any CPU
		{5828750B-6709-4E9F-ACA9-064979A52DE2}.Release|Mixed Platforms.Build.0 = Release|Any CPU
		{5828750B-6709-4E9F-ACA9-064979A52DE2}.Release|x86.ActiveCfg = Release|Any CPU
		{5828750B-6709-4E9F-ACA9-064979A52DE2}.Release|x86.Build.0 = Release|Any CPU
		{1E6AFECF-5628-441E-B99E-521D8ABFC559}.Debug|Any CPU.ActiveCfg = Debug|Any CPU
		{1E6AFECF-5628-441E-B99E-521D8ABFC559}.Debug|Any CPU.Build.0 = Debug|Any CPU
		{1E6AFECF-5628-441E-B99E-521D8ABFC559}.Debug|Mixed Platforms.ActiveCfg = Debug|Any CPU
		{1E6AFECF-5628-441E-B99E-521D8ABFC559}.Debug|Mixed Platforms.Build.0 = Debug|Any CPU
		{1E6AFECF-5628-441E-B99E-521D8ABFC559}.Debug|x86.ActiveCfg = Debug|Any CPU
		{1E6AFECF-5628-441E-B99E-521D8ABFC559}.Debug|x86.Build.0 = Debug|Any CPU
		{1E6AFECF-5628-441E-B99E-521D8ABFC559}.Release|Any CPU.ActiveCfg = Release|Any CPU
		{1E6AFECF-5628-441E-B99E-521D8ABFC559}.Release|Any CPU.Build.0 = Release|Any CPU
		{1E6AFECF-5628-441E-B99E-521D8ABFC559}.Release|Mixed Platforms.ActiveCfg = Release|Any CPU
		{1E6AFECF-5628-441E-B99E-521D8ABFC559}.Release|Mixed Platforms.Build.0 = Release|Any CPU
		{1E6AFECF-5628-441E-B99E-521D8ABFC559}.Release|x86.ActiveCfg = Release|Any CPU
		{1E6AFECF-5628-441E-B99E-521D8ABFC559}.Release|x86.Build.0 = Release|Any CPU
		{2066179F-2273-468E-BA2B-E18668526475}.Debug|Any CPU.ActiveCfg = Debug|Any CPU
		{2066179F-2273-468E-BA2B-E18668526475}.Debug|Any CPU.Build.0 = Debug|Any CPU
		{2066179F-2273-468E-BA2B-E18668526475}.Debug|Mixed Platforms.ActiveCfg = Debug|Any CPU
		{2066179F-2273-468E-BA2B-E18668526475}.Debug|Mixed Platforms.Build.0 = Debug|Any CPU
		{2066179F-2273-468E-BA2B-E18668526475}.Debug|x86.ActiveCfg = Debug|Any CPU
		{2066179F-2273-468E-BA2B-E18668526475}.Debug|x86.Build.0 = Debug|Any CPU
		{2066179F-2273-468E-BA2B-E18668526475}.Release|Any CPU.ActiveCfg = Release|Any CPU
		{2066179F-2273-468E-BA2B-E18668526475}.Release|Any CPU.Build.0 = Release|Any CPU
		{2066179F-2273-468E-BA2B-E18668526475}.Release|Mixed Platforms.ActiveCfg = Release|Any CPU
		{2066179F-2273-468E-BA2B-E18668526475}.Release|Mixed Platforms.Build.0 = Release|Any CPU
		{2066179F-2273-468E-BA2B-E18668526475}.Release|x86.ActiveCfg = Release|Any CPU
		{2066179F-2273-468E-BA2B-E18668526475}.Release|x86.Build.0 = Release|Any CPU
	EndGlobalSection
	GlobalSection(SolutionProperties) = preSolution
		HideSolutionNode = FALSE
	EndGlobalSection
	GlobalSection(NestedProjects) = preSolution
		{4F1F649C-1020-45BE-A487-F416D9297FF3} = {B09156FB-8291-46A2-AF37-67CE97CFB5A6}
		{6BDA8332-939F-45B7-A25E-7A797260AE59} = {E4ACA93B-D3DE-4557-B069-F1DB42925A4B}
		{CCD7F2C9-6A2C-4CF0-8E89-076B8FC0F144} = {E4ACA93B-D3DE-4557-B069-F1DB42925A4B}
		{210541AD-F659-47DA-8763-16F36C5CD2F4} = {E4ACA93B-D3DE-4557-B069-F1DB42925A4B}
		{9A7B9344-6AD0-4828-876D-0BF14C177148} = {7881B112-7843-4542-B1F7-F99553FB9BB7}
		{75FD4163-333C-4DD5-854D-2EF294E45D94} = {B09156FB-8291-46A2-AF37-67CE97CFB5A6}
		{C2B83AF5-80F6-4B8C-8628-FA7DE10C3BB5} = {7881B112-7843-4542-B1F7-F99553FB9BB7}
		{9978B382-0BCD-4621-B6B5-52E0E3B5F464} = {7881B112-7843-4542-B1F7-F99553FB9BB7}
		{06C88D0B-A276-4D3D-8BE5-7C58BF3072E3} = {7881B112-7843-4542-B1F7-F99553FB9BB7}
		{560768D4-7E1D-4431-99F0-CC14C255E167} = {7881B112-7843-4542-B1F7-F99553FB9BB7}
		{493761CB-5190-4283-8C6C-A8CEB5450CAB} = {7881B112-7843-4542-B1F7-F99553FB9BB7}
		{4C0C889A-A3B2-43FA-824A-F529402C1BBF} = {7881B112-7843-4542-B1F7-F99553FB9BB7}
		{FD31C133-B4DE-4BB2-B327-1D0E2F2C95D4} = {E8FC6874-E230-468A-9685-4747354B92FF}
		{A9364682-CCC2-429C-B838-9ED54BA0676A} = {7881B112-7843-4542-B1F7-F99553FB9BB7}
		{0837A111-0B38-44E2-88CD-CFA0FD765EC9} = {7881B112-7843-4542-B1F7-F99553FB9BB7}
		{1A917A16-6F9E-4CA3-91F2-217486677612} = {7881B112-7843-4542-B1F7-F99553FB9BB7}
		{ABAD6D42-A34F-4CF1-9E9C-A0536680D2C8} = {7881B112-7843-4542-B1F7-F99553FB9BB7}
		{8D1D1534-0F03-4309-8EF3-EE6A42AA0185} = {7881B112-7843-4542-B1F7-F99553FB9BB7}
		{F3A4E88D-3DB3-42C4-9250-B749A5B49849} = {7881B112-7843-4542-B1F7-F99553FB9BB7}
		{6C972663-44D5-4D49-B9EA-64E9610BE8C6} = {7881B112-7843-4542-B1F7-F99553FB9BB7}
		{9E891E5B-5528-4D83-B14E-420C109DEB4B} = {7881B112-7843-4542-B1F7-F99553FB9BB7}
		{70C29CBD-8622-47AD-B82D-03F64112D2CE} = {7881B112-7843-4542-B1F7-F99553FB9BB7}
		{3750816C-B20E-4EC0-8F7A-2E93D0377F37} = {7881B112-7843-4542-B1F7-F99553FB9BB7}
		{67831934-6250-44CB-B403-E349E3072C65} = {7881B112-7843-4542-B1F7-F99553FB9BB7}
		{5828750B-6709-4E9F-ACA9-064979A52DE2} = {7881B112-7843-4542-B1F7-F99553FB9BB7}
		{1E6AFECF-5628-441E-B99E-521D8ABFC559} = {7881B112-7843-4542-B1F7-F99553FB9BB7}
		{2066179F-2273-468E-BA2B-E18668526475} = {7881B112-7843-4542-B1F7-F99553FB9BB7}
	EndGlobalSection
	GlobalSection(ExtensibilityGlobals) = postSolution
		SolutionGuid = {EE72A8B2-332A-4175-9319-6726D36E9D25}
	EndGlobalSection
	GlobalSection(NDepend) = preSolution
		Project = ".\NopCommerce.ndproj"
	EndGlobalSection
EndGlobal
